
Microsoft Visual Studio Solution File, Format Version 12.00
# Visual Studio 15
VisualStudioVersion = 15.0.27428.2027
MinimumVisualStudioVersion = 10.0.40219.1
Project("{FAE04EC0-301F-11D3-BF4B-00C04F79EFBC}") = "Retransmissor", "Retransmissor\Retransmissor.csproj", "{6F8005F3-F860-4334-B7AA-E484A4E5BF37}"
EndProject
Global
	GlobalSection(SolutionConfigurationPlatforms) = preSolution
		Debug|Any CPU = Debug|Any CPU
		Release|Any CPU = Release|Any CPU
	EndGlobalSection
	GlobalSection(ProjectConfigurationPlatforms) = postSolution
		{6F8005F3-F860-4334-B7AA-E484A4E5BF37}.Debug|Any CPU.ActiveCfg = Debug|Any CPU
		{6F8005F3-F860-4334-B7AA-E484A4E5BF37}.Debug|Any CPU.Build.0 = Debug|Any CPU
		{6F8005F3-F860-4334-B7AA-E484A4E5BF37}.Release|Any CPU.ActiveCfg = Release|Any CPU
		{6F8005F3-F860-4334-B7AA-E484A4E5BF37}.Release|Any CPU.Build.0 = Release|Any CPU
	EndGlobalSection
	GlobalSection(SolutionProperties) = preSolution
		HideSolutionNode = FALSE
	EndGlobalSection
	GlobalSection(ExtensibilityGlobals) = postSolution
		SolutionGuid = {450FCD7A-2106-4CAF-BE22-7544895E1A71}
	EndGlobalSection
EndGlobal
